PODS:
  - Bandyer (3.9.0)
  - SwiftHamcrest (2.2.2)

DEPENDENCIES:
  - Bandyer
  - SwiftHamcrest (~> 2.2)

SPEC REPOS:
  trunk:
    - Bandyer
    - SwiftHamcrest

SPEC CHECKSUMS:
  Bandyer: 64a80517e7e1aff3ea49e0c32c1872e80fac17b6
  SwiftHamcrest: 940c3dae2a31f92da433f5a0b13d42103247051b

PODFILE CHECKSUM: 4dcc6d8e15f107f998b14af91b4d8f58cea31d08

COCOAPODS: 1.12.1
