PODS:
  - KaleyraVideoSDK (4.3.0):
    - KaleyraVideoSDK/Core (= 4.3.0)
    - KaleyraVideoSDK/WebRTC (= 4.3.0)
  - KaleyraVideoSDK/Core (4.3.0)
  - KaleyraVideoSDK/WebRTC (4.3.0)
  - SwiftHamcrest (2.2.4)

DEPENDENCIES:
  - KaleyraVideoSDK (~> 4.3.0)
  - SwiftHamcrest (~> 2.2)

SPEC REPOS:
  trunk:
    - KaleyraVideoSDK
    - SwiftHamcrest

SPEC CHECKSUMS:
  KaleyraVideoSDK: be570038a3afda1cc0aa42bfd8295c626274de71
  SwiftHamcrest: a45dd878978049c0953259aa01c34fd7258d0340

PODFILE CHECKSUM: f6e1079c390f386ddc62f6745aeb1b8543b6f5b9

COCOAPODS: 1.16.2
