PODS:
  - KaleyraVideoSDK (4.6.0):
    - KaleyraVideoSDK/Core (= 4.6.0)
    - KaleyraVideoSDK/WebRTC (= 4.6.0)
  - KaleyraVideoSDK/Core (4.6.0)
  - KaleyraVideoSDK/WebRTC (4.6.0)
  - SwiftHamcrest (2.2.4)

DEPENDENCIES:
  - KaleyraVideoSDK (~> 4.6.0)
  - SwiftHamcrest (~> 2.2)

SPEC REPOS:
  trunk:
    - KaleyraVideoSDK
    - SwiftHamcrest

SPEC CHECKSUMS:
  KaleyraVideoSDK: ac7310b9791677fde4bd835450447a7df39e14ab
  SwiftHamcrest: a45dd878978049c0953259aa01c34fd7258d0340

PODFILE CHECKSUM: c4cee04d5c8c0a328b4e853e5a724f8b18552f55

COCOAPODS: 1.16.2
